
Microsoft Visual Studio Solution File, Format Version 12.00
# Visual Studio 15
VisualStudioVersion = 15.0.26228.4
MinimumVisualStudioVersion = 10.0.40219.1
Project("{FAE04EC0-301F-11D3-BF4B-00C04F79EFBC}") = "XamarinUITest_Android_Project", "XamarinUITest_Android_Project\XamarinUITest_Android_Project.csproj", "{210D59AC-7816-4FAC-A314-CC07DB2ADBEC}"
EndProject
Global
	GlobalSection(SolutionConfigurationPlatforms) = preSolution
		Debug|Any CPU = Debug|Any CPU
		Release|Any CPU = Release|Any CPU
	EndGlobalSection
	GlobalSection(ProjectConfigurationPlatforms) = postSolution
		{210D59AC-7816-4FAC-A314-CC07DB2ADBEC}.Debug|Any CPU.ActiveCfg = Debug|Any CPU
		{210D59AC-7816-4FAC-A314-CC07DB2ADBEC}.Debug|Any CPU.Build.0 = Debug|Any CPU
		{210D59AC-7816-4FAC-A314-CC07DB2ADBEC}.Release|Any CPU.ActiveCfg = Release|Any CPU
		{210D59AC-7816-4FAC-A314-CC07DB2ADBEC}.Release|Any CPU.Build.0 = Release|Any CPU
	EndGlobalSection
	GlobalSection(SolutionProperties) = preSolution
		HideSolutionNode = FALSE
	EndGlobalSection
EndGlobal
